
Microsoft Visual Studio Solution File, Format Version 12.00
# Visual Studio Version 16
VisualStudioVersion = 16.0.29123.88
MinimumVisualStudioVersion = 10.0.40219.1
Project("{8BC9CEB8-8B4A-11D0-8D11-00A0C91BC942}") = "Class6", "Class6.vcxproj", "{D451992C-5562-4415-904C-41D6DE0A62A9}"
EndProject
Global
	GlobalSection(SolutionConfigurationPlatforms) = preSolution
		Debug|x64 = Debug|x64
		Debug|x86 = Debug|x86
		Release|x64 = Release|x64
		Release|x86 = Release|x86
	EndGlobalSection
	GlobalSection(ProjectConfigurationPlatforms) = postSolution
		{D451992C-5562-4415-904C-41D6DE0A62A9}.Debug|x64.ActiveCfg = Debug|x64
		{D451992C-5562-4415-904C-41D6DE0A62A9}.Debug|x64.Build.0 = Debug|x64
		{D451992C-5562-4415-904C-41D6DE0A62A9}.Debug|x86.ActiveCfg = Debug|Win32
		{D451992C-5562-4415-904C-41D6DE0A62A9}.Debug|x86.Build.0 = Debug|Win32
		{D451992C-5562-4415-904C-41D6DE0A62A9}.Release|x64.ActiveCfg = Release|x64
		{D451992C-5562-4415-904C-41D6DE0A62A9}.Release|x64.Build.0 = Release|x64
		{D451992C-5562-4415-904C-41D6DE0A62A9}.Release|x86.ActiveCfg = Release|Win32
		{D451992C-5562-4415-904C-41D6DE0A62A9}.Release|x86.Build.0 = Release|Win32
	EndGlobalSection
	GlobalSection(SolutionProperties) = preSolution
		HideSolutionNode = FALSE
	EndGlobalSection
	GlobalSection(ExtensibilityGlobals) = postSolution
		SolutionGuid = {7D5BA002-5216-424B-8697-DA117133EA3B}
	EndGlobalSection
EndGlobal
